
Microsoft Visual Studio Solution File, Format Version 12.00
# Visual Studio Version 17
VisualStudioVersion = 17.13.35931.197 d17.13
MinimumVisualStudioVersion = 10.0.40219.1
Project("{FAE04EC0-301F-11D3-BF4B-00C04F79EFBC}") = "COMP003B.SP25.FinalProject.VillagranR", "COMP003B.SP25.FinalProject.VillagranR\COMP003B.SP25.FinalProject.VillagranR.csproj", "{8E12C041-3297-447D-BA8B-A126C09073EB}"
EndProject
Global
	GlobalSection(SolutionConfigurationPlatforms) = preSolution
		Debug|Any CPU = Debug|Any CPU
		Release|Any CPU = Release|Any CPU
	EndGlobalSection
	GlobalSection(ProjectConfigurationPlatforms) = postSolution
		{8E12C041-3297-447D-BA8B-A126C09073EB}.Debug|Any CPU.ActiveCfg = Debug|Any CPU
		{8E12C041-3297-447D-BA8B-A126C09073EB}.Debug|Any CPU.Build.0 = Debug|Any CPU
		{8E12C041-3297-447D-BA8B-A126C09073EB}.Release|Any CPU.ActiveCfg = Release|Any CPU
		{8E12C041-3297-447D-BA8B-A126C09073EB}.Release|Any CPU.Build.0 = Release|Any CPU
	EndGlobalSection
	GlobalSection(SolutionProperties) = preSolution
		HideSolutionNode = FALSE
	EndGlobalSection
	GlobalSection(ExtensibilityGlobals) = postSolution
		SolutionGuid = {9D40D6F2-FFCF-4443-8103-2EBE656A3B73}
	EndGlobalSection
EndGlobal
